// !$*UTF8*$!
{
	archiveVersion = 1;
	classes = {
	};
	objectVersion = 46;
	objects = {

/* Begin PBXBuildFile section */
		8FCD1A6F1E7ED1DC001B1284 /* 244_ms2_tester.cpp in Sources */ = {isa = PBXBuildFile; fileRef = 8FCD1A6B1E7ED1DC001B1284 /* 244_ms2_tester.cpp */; };
		8FCD1A701E7ED1DC001B1284 /* MyFile.cpp in Sources */ = {isa = PBXBuildFile; fileRef = 8FCD1A6C1E7ED1DC001B1284 /* MyFile.cpp */; };
/* End PBXBuildFile section */

/* Begin PBXCopyFilesBuildPhase section */
		8FCD1A5F1E7ED1BF001B1284 /* CopyFiles */ = {
			isa = PBXCopyFilesBuildPhase;
			buildActionMask = 2147483647;
			dstPath = /usr/share/man/man1/;
			dstSubfolderSpec = 0;
			files = (
			);
			runOnlyForDeploymentPostprocessing = 1;
		};
/* End PBXCopyFilesBuildPhase section */

/* Begin PBXFileReference section */
		8FCD1A611E7ED1BF001B1284 /* milestone2 */ = {isa = PBXFileReference; explicitFileType = "compiled.mach-o.executable"; includeInIndex = 0; path = milestone2; sourceTree = BUILT_PRODUCTS_DIR; };
		8FCD1A6B1E7ED1DC001B1284 /* 244_ms2_tester.cpp */ = {isa = PBXFileReference; fileEncoding = 4; lastKnownFileType = sourcecode.cpp.cpp; name = 244_ms2_tester.cpp; path = ../../244_ms2_tester.cpp; sourceTree = "<group>"; };
		8FCD1A6C1E7ED1DC001B1284 /* MyFile.cpp */ = {isa = PBXFileReference; fileEncoding = 4; lastKnownFileType = sourcecode.cpp.cpp; name = MyFile.cpp; path = ../../MyFile.cpp; sourceTree = "<group>"; };
		8FCD1A6D1E7ED1DC001B1284 /* MyFile.h */ = {isa = PBXFileReference; fileEncoding = 4; lastKnownFileType = sourcecode.c.h; name = MyFile.h; path = ../../MyFile.h; sourceTree = "<group>"; };
		8FCD1A6E1E7ED1DC001B1284 /* PosIO.h */ = {isa = PBXFileReference; fileEncoding = 4; lastKnownFileType = sourcecode.c.h; name = PosIO.h; path = ../../PosIO.h; sourceTree = "<group>"; };
/* End PBXFileReference section */

/* Begin PBXFrameworksBuildPhase section */
		8FCD1A5E1E7ED1BF001B1284 /* Frameworks */ = {
			isa = PBXFrameworksBuildPhase;
			buildActionMask = 2147483647;
			files = (
			);
			runOnlyForDeploymentPostprocessing = 0;
		};
/* End PBXFrameworksBuildPhase section */

/* Begin PBXGroup section */
		8FCD1A581E7ED1BF001B1284 = {
			isa = PBXGroup;
			children = (
				8FCD1A631E7ED1BF001B1284 /* milestone2 */,
				8FCD1A621E7ED1BF001B1284 /* Products */,
			);
			sourceTree = "<group>";
		};
		8FCD1A621E7ED1BF001B1284 /* Products */ = {
			isa = PBXGroup;
			children = (
				8FCD1A611E7ED1BF001B1284 /* milestone2 */,
			);
			name = Products;
			sourceTree = "<group>";
		};
		8FCD1A631E7ED1BF001B1284 /* milestone2 */ = {
			isa = PBXGroup;
			children = (
				8FCD1A6B1E7ED1DC001B1284 /* 244_ms2_tester.cpp */,
				8FCD1A6C1E7ED1DC001B1284 /* MyFile.cpp */,
				8FCD1A6D1E7ED1DC001B1284 /* MyFile.h */,
				8FCD1A6E1E7ED1DC001B1284 /* PosIO.h */,
			);
			path = milestone2;
			sourceTree = "<group>";
		};
/* End PBXGroup section */

/* Begin PBXNativeTarget section */
		8FCD1A601E7ED1BF001B1284 /* milestone2 */ = {
			isa = PBXNativeTarget;
			buildConfigurationList = 8FCD1A681E7ED1C0001B1284 /* Build configuration list for PBXNativeTarget "milestone2" */;
			buildPhases = (
				8FCD1A5D1E7ED1BF001B1284 /* Sources */,
				8FCD1A5E1E7ED1BF001B1284 /* Frameworks */,
				8FCD1A5F1E7ED1BF001B1284 /* CopyFiles */,
			);
			buildRules = (
			);
			dependencies = (
			);
			name = milestone2;
			productName = milestone2;
			productReference = 8FCD1A611E7ED1BF001B1284 /* milestone2 */;
			productType = "com.apple.product-type.tool";
		};
/* End PBXNativeTarget section */

/* Begin PBXProject section */
		8FCD1A591E7ED1BF001B1284 /* Project object */ = {
			isa = PBXProject;
			attributes = {
				LastUpgradeCheck = 0820;
				ORGANIZATIONNAME = "Geoffrey Wu";
				TargetAttributes = {
					8FCD1A601E7ED1BF001B1284 = {
						CreatedOnToolsVersion = 8.2.1;
						ProvisioningStyle = Automatic;
					};
				};
			};
			buildConfigurationList = 8FCD1A5C1E7ED1BF001B1284 /* Build configuration list for PBXProject "milestone2" */;
			compatibilityVersion = "Xcode 3.2";
			developmentRegion = English;
			hasScannedForEncodings = 0;
			knownRegions = (
				en,
			);
			mainGroup = 8FCD1A581E7ED1BF001B1284;
			productRefGroup = 8FCD1A621E7ED1BF001B1284 /* Products */;
			projectDirPath = "";
			projectRoot = "";
			targets = (
				8FCD1A601E7ED1BF001B1284 /* milestone2 */,
			);
		};
/* End PBXProject section */

/* Begin PBXSourcesBuildPhase section */
		8FCD1A5D1E7ED1BF001B1284 /* Sources */ = {
			isa = PBXSourcesBuildPhase;
			buildActionMask = 2147483647;
			files = (
				8FCD1A6F1E7ED1DC001B1284 /* 244_ms2_tester.cpp in Sources */,
				8FCD1A701E7ED1DC001B1284 /* MyFile.cpp in Sources */,
			);
			runOnlyForDeploymentPostprocessing = 0;
		};
/* End PBXSourcesBuildPhase section */

/* Begin XCBuildConfiguration section */
		8FCD1A661E7ED1C0001B1284 /* Debug */ = {
			isa = XCBuildConfiguration;
			buildSettings = {
				ALWAYS_SEARCH_USER_PATHS = NO;
				CLANG_ANALYZER_NONNULL = YES;
				CLANG_CXX_LANGUAGE_STANDARD = "gnu++0x";
				CLANG_CXX_LIBRARY = "libc++";
				CLANG_ENABLE_MODULES = YES;
				CLANG_ENABLE_OBJC_ARC = YES;
				CLANG_WARN_BOOL_CONVERSION = YES;
				CLANG_WARN_CONSTANT_CONVERSION = YES;
				CLANG_WARN_DIRECT_OBJC_ISA_USAGE = YES_ERROR;
				CLANG_WARN_DOCUMENTATION_COMMENTS = YES;
				CLANG_WARN_EMPTY_BODY = YES;
				CLANG_WARN_ENUM_CONVERSION = YES;
				CLANG_WARN_INFINITE_RECURSION = YES;
				CLANG_WARN_INT_CONVERSION = YES;
				CLANG_WARN_OBJC_ROOT_CLASS = YES_ERROR;
				CLANG_WARN_SUSPICIOUS_MOVE = YES;
				CLANG_WARN_UNREACHABLE_CODE = YES;
				CLANG_WARN__DUPLICATE_METHOD_MATCH = YES;
				CODE_SIGN_IDENTITY = "-";
				COPY_PHASE_STRIP = NO;
				DEBUG_INFORMATION_FORMAT = dwarf;
				ENABLE_STRICT_OBJC_MSGSEND = YES;
				ENABLE_TESTABILITY = YES;
				GCC_C_LANGUAGE_STANDARD = gnu99;
				GCC_DYNAMIC_NO_PIC = NO;
				GCC_NO_COMMON_BLOCKS = YES;
				GCC_OPTIMIZATION_LEVEL = 0;
				GCC_PREPROCESSOR_DEFINITIONS = (
					"DEBUG=1",
					"$(inherited)",
				);
				GCC_WARN_64_TO_32_BIT_CONVERSION = YES;
				GCC_WARN_ABOUT_RETURN_TYPE = YES_ERROR;
				GCC_WARN_UNDECLARED_SELECTOR = YES;
				GCC_WARN_UNINITIALIZED_AUTOS = YES_AGGRESSIVE;
				GCC_WARN_UNUSED_FUNCTION = YES;
				GCC_WARN_UNUSED_VARIABLE = YES;
				MACOSX_DEPLOYMENT_TARGET = 10.12;
				MTL_ENABLE_DEBUG_INFO = YES;
				ONLY_ACTIVE_ARCH = YES;
				SDKROOT = macosx;
			};
			name = Debug;
		};
		8FCD1A671E7ED1C0001B1284 /* Release */ = {
			isa = XCBuildConfiguration;
			buildSettings = {
				ALWAYS_SEARCH_USER_PATHS = NO;
				CLANG_ANALYZER_NONNULL = YES;
				CLANG_CXX_LANGUAGE_STANDARD = "gnu++0x";
				CLANG_CXX_LIBRARY = "libc++";
				CLANG_ENABLE_MODULES = YES;
				CLANG_ENABLE_OBJC_ARC = YES;
				CLANG_WARN_BOOL_CONVERSION = YES;
				CLANG_WARN_CONSTANT_CONVERSION = YES;
				CLANG_WARN_DIRECT_OBJC_ISA_USAGE = YES_ERROR;
				CLANG_WARN_DOCUMENTATION_COMMENTS = YES;
				CLANG_WARN_EMPTY_BODY = YES;
				CLANG_WARN_ENUM_CONVERSION = YES;
				CLANG_WARN_INFINITE_RECURSION = YES;
				CLANG_WARN_INT_CONVERSION = YES;
				CLANG_WARN_OBJC_ROOT_CLASS = YES_ERROR;
				CLANG_WARN_SUSPICIOUS_MOVE = YES;
				CLANG_WARN_UNREACHABLE_CODE = YES;
				CLANG_WARN__DUPLICATE_METHOD_MATCH = YES;
				CODE_SIGN_IDENTITY = "-";
				COPY_PHASE_STRIP = NO;
				DEBUG_INFORMATION_FORMAT = "dwarf-with-dsym";
				ENABLE_NS_ASSERTIONS = NO;
				ENABLE_STRICT_OBJC_MSGSEND = YES;
				GCC_C_LANGUAGE_STANDARD = gnu99;
				GCC_NO_COMMON_BLOCKS = YES;
				GCC_WARN_64_TO_32_BIT_CONVERSION = YES;
				GCC_WARN_ABOUT_RETURN_TYPE = YES_ERROR;
				GCC_WARN_UNDECLARED_SELECTOR = YES;
				GCC_WARN_UNINITIALIZED_AUTOS = YES_AGGRESSIVE;
				GCC_WARN_UNUSED_FUNCTION = YES;
				GCC_WARN_UNUSED_VARIABLE = YES;
				MACOSX_DEPLOYMENT_TARGET = 10.12;
				MTL_ENABLE_DEBUG_INFO = NO;
				SDKROOT = macosx;
			};
			name = Release;
		};
		8FCD1A691E7ED1C0001B1284 /* Debug */ = {
			isa = XCBuildConfiguration;
			buildSettings = {
				PRODUCT_NAME = "$(TARGET_NAME)";
			};
			name = Debug;
		};
		8FCD1A6A1E7ED1C0001B1284 /* Release */ = {
			isa = XCBuildConfiguration;
			buildSettings = {
				PRODUCT_NAME = "$(TARGET_NAME)";
			};
			name = Release;
		};
/* End XCBuildConfiguration section */

/* Begin XCConfigurationList section */
		8FCD1A5C1E7ED1BF001B1284 /* Build configuration list for PBXProject "milestone2" */ = {
			isa = XCConfigurationList;
			buildConfigurations = (
				8FCD1A661E7ED1C0001B1284 /* Debug */,
				8FCD1A671E7ED1C0001B1284 /* Release */,
			);
			defaultConfigurationIsVisible = 0;
			defaultConfigurationName = Release;
		};
		8FCD1A681E7ED1C0001B1284 /* Build configuration list for PBXNativeTarget "milestone2" */ = {
			isa = XCConfigurationList;
			buildConfigurations = (
				8FCD1A691E7ED1C0001B1284 /* Debug */,
				8FCD1A6A1E7ED1C0001B1284 /* Release */,
			);
			defaultConfigurationIsVisible = 0;
		};
/* End XCConfigurationList section */
	};
	rootObject = 8FCD1A591E7ED1BF001B1284 /* Project object */;
}
