// !$*UTF8*$!
{
	archiveVersion = 1;
	classes = {
	};
	objectVersion = 46;
	objects = {

/* Begin PBXBuildFile section */
		8F7A483A1E9EB6C000E2B819 /* ms4tester.cpp in Sources */ = {isa = PBXBuildFile; fileRef = 8F7A48391E9EB6C000E2B819 /* ms4tester.cpp */; };
		8FADC01A1E91DEB300946339 /* Date.cpp in Sources */ = {isa = PBXBuildFile; fileRef = 8FADC0101E91DEB300946339 /* Date.cpp */; };
		8FADC01B1E91DEB300946339 /* Item.cpp in Sources */ = {isa = PBXBuildFile; fileRef = 8FADC0121E91DEB300946339 /* Item.cpp */; };
		8FADC01C1E91DEB300946339 /* NonPerishable.cpp in Sources */ = {isa = PBXBuildFile; fileRef = 8FADC0141E91DEB300946339 /* NonPerishable.cpp */; };
		8FADC01D1E91DEB300946339 /* Perishable.cpp in Sources */ = {isa = PBXBuildFile; fileRef = 8FADC0161E91DEB300946339 /* Perishable.cpp */; };
		8FEC575B1E97063B0092CF5D /* Error.cpp in Sources */ = {isa = PBXBuildFile; fileRef = 8FEC57591E97063B0092CF5D /* Error.cpp */; };
/* End PBXBuildFile section */

/* Begin PBXCopyFilesBuildPhase section */
		8FADC0041E91DE8E00946339 /* CopyFiles */ = {
			isa = PBXCopyFilesBuildPhase;
			buildActionMask = 2147483647;
			dstPath = /usr/share/man/man1/;
			dstSubfolderSpec = 0;
			files = (
			);
			runOnlyForDeploymentPostprocessing = 1;
		};
/* End PBXCopyFilesBuildPhase section */

/* Begin PBXFileReference section */
		8F7A48391E9EB6C000E2B819 /* ms4tester.cpp */ = {isa = PBXFileReference; fileEncoding = 4; lastKnownFileType = sourcecode.cpp.cpp; name = ms4tester.cpp; path = ../../ms4tester.cpp; sourceTree = "<group>"; };
		8FADC0061E91DE9000946339 /* mile4 */ = {isa = PBXFileReference; explicitFileType = "compiled.mach-o.executable"; includeInIndex = 0; path = mile4; sourceTree = BUILT_PRODUCTS_DIR; };
		8FADC0101E91DEB300946339 /* Date.cpp */ = {isa = PBXFileReference; fileEncoding = 4; lastKnownFileType = sourcecode.cpp.cpp; name = Date.cpp; path = ../../Date.cpp; sourceTree = "<group>"; };
		8FADC0111E91DEB300946339 /* Date.h */ = {isa = PBXFileReference; fileEncoding = 4; lastKnownFileType = sourcecode.c.h; name = Date.h; path = ../../Date.h; sourceTree = "<group>"; };
		8FADC0121E91DEB300946339 /* Item.cpp */ = {isa = PBXFileReference; fileEncoding = 4; lastKnownFileType = sourcecode.cpp.cpp; name = Item.cpp; path = ../../Item.cpp; sourceTree = "<group>"; };
		8FADC0131E91DEB300946339 /* Item.h */ = {isa = PBXFileReference; fileEncoding = 4; lastKnownFileType = sourcecode.c.h; name = Item.h; path = ../../Item.h; sourceTree = "<group>"; };
		8FADC0141E91DEB300946339 /* NonPerishable.cpp */ = {isa = PBXFileReference; fileEncoding = 4; lastKnownFileType = sourcecode.cpp.cpp; name = NonPerishable.cpp; path = ../../NonPerishable.cpp; sourceTree = "<group>"; };
		8FADC0151E91DEB300946339 /* NonPerishable.h */ = {isa = PBXFileReference; fileEncoding = 4; lastKnownFileType = sourcecode.c.h; name = NonPerishable.h; path = ../../NonPerishable.h; sourceTree = "<group>"; };
		8FADC0161E91DEB300946339 /* Perishable.cpp */ = {isa = PBXFileReference; fileEncoding = 4; lastKnownFileType = sourcecode.cpp.cpp; name = Perishable.cpp; path = ../../Perishable.cpp; sourceTree = "<group>"; };
		8FADC0171E91DEB300946339 /* Perishable.h */ = {isa = PBXFileReference; fileEncoding = 4; lastKnownFileType = sourcecode.c.h; name = Perishable.h; path = ../../Perishable.h; sourceTree = "<group>"; };
		8FADC0181E91DEB300946339 /* POS.h */ = {isa = PBXFileReference; fileEncoding = 4; lastKnownFileType = sourcecode.c.h; name = POS.h; path = ../../POS.h; sourceTree = "<group>"; };
		8FADC0191E91DEB300946339 /* PosIO.h */ = {isa = PBXFileReference; fileEncoding = 4; lastKnownFileType = sourcecode.c.h; name = PosIO.h; path = ../../PosIO.h; sourceTree = "<group>"; };
		8FEC57591E97063B0092CF5D /* Error.cpp */ = {isa = PBXFileReference; fileEncoding = 4; lastKnownFileType = sourcecode.cpp.cpp; name = Error.cpp; path = ../../Error.cpp; sourceTree = "<group>"; };
		8FEC575A1E97063B0092CF5D /* Error.h */ = {isa = PBXFileReference; fileEncoding = 4; lastKnownFileType = sourcecode.c.h; name = Error.h; path = ../../Error.h; sourceTree = "<group>"; };
/* End PBXFileReference section */

/* Begin PBXFrameworksBuildPhase section */
		8FADC0031E91DE8E00946339 /* Frameworks */ = {
			isa = PBXFrameworksBuildPhase;
			buildActionMask = 2147483647;
			files = (
			);
			runOnlyForDeploymentPostprocessing = 0;
		};
/* End PBXFrameworksBuildPhase section */

/* Begin PBXGroup section */
		8FADBFFD1E91DE8E00946339 = {
			isa = PBXGroup;
			children = (
				8FADC0081E91DE9000946339 /* mile4 */,
				8FADC0071E91DE9000946339 /* Products */,
			);
			sourceTree = "<group>";
		};
		8FADC0071E91DE9000946339 /* Products */ = {
			isa = PBXGroup;
			children = (
				8FADC0061E91DE9000946339 /* mile4 */,
			);
			name = Products;
			sourceTree = "<group>";
		};
		8FADC0081E91DE9000946339 /* mile4 */ = {
			isa = PBXGroup;
			children = (
				8F7A48391E9EB6C000E2B819 /* ms4tester.cpp */,
				8FEC57591E97063B0092CF5D /* Error.cpp */,
				8FEC575A1E97063B0092CF5D /* Error.h */,
				8FADC0101E91DEB300946339 /* Date.cpp */,
				8FADC0111E91DEB300946339 /* Date.h */,
				8FADC0121E91DEB300946339 /* Item.cpp */,
				8FADC0131E91DEB300946339 /* Item.h */,
				8FADC0141E91DEB300946339 /* NonPerishable.cpp */,
				8FADC0151E91DEB300946339 /* NonPerishable.h */,
				8FADC0161E91DEB300946339 /* Perishable.cpp */,
				8FADC0171E91DEB300946339 /* Perishable.h */,
				8FADC0181E91DEB300946339 /* POS.h */,
				8FADC0191E91DEB300946339 /* PosIO.h */,
			);
			path = mile4;
			sourceTree = "<group>";
		};
/* End PBXGroup section */

/* Begin PBXNativeTarget section */
		8FADC0051E91DE8E00946339 /* mile4 */ = {
			isa = PBXNativeTarget;
			buildConfigurationList = 8FADC00D1E91DE9000946339 /* Build configuration list for PBXNativeTarget "mile4" */;
			buildPhases = (
				8FADC0021E91DE8E00946339 /* Sources */,
				8FADC0031E91DE8E00946339 /* Frameworks */,
				8FADC0041E91DE8E00946339 /* CopyFiles */,
			);
			buildRules = (
			);
			dependencies = (
			);
			name = mile4;
			productName = mile4;
			productReference = 8FADC0061E91DE9000946339 /* mile4 */;
			productType = "com.apple.product-type.tool";
		};
/* End PBXNativeTarget section */

/* Begin PBXProject section */
		8FADBFFE1E91DE8E00946339 /* Project object */ = {
			isa = PBXProject;
			attributes = {
				LastUpgradeCheck = 0820;
				ORGANIZATIONNAME = "Geoffrey Wu";
				TargetAttributes = {
					8FADC0051E91DE8E00946339 = {
						CreatedOnToolsVersion = 8.2.1;
						ProvisioningStyle = Automatic;
					};
				};
			};
			buildConfigurationList = 8FADC0011E91DE8E00946339 /* Build configuration list for PBXProject "mile4" */;
			compatibilityVersion = "Xcode 3.2";
			developmentRegion = English;
			hasScannedForEncodings = 0;
			knownRegions = (
				en,
			);
			mainGroup = 8FADBFFD1E91DE8E00946339;
			productRefGroup = 8FADC0071E91DE9000946339 /* Products */;
			projectDirPath = "";
			projectRoot = "";
			targets = (
				8FADC0051E91DE8E00946339 /* mile4 */,
			);
		};
/* End PBXProject section */

/* Begin PBXSourcesBuildPhase section */
		8FADC0021E91DE8E00946339 /* Sources */ = {
			isa = PBXSourcesBuildPhase;
			buildActionMask = 2147483647;
			files = (
				8FEC575B1E97063B0092CF5D /* Error.cpp in Sources */,
				8FADC01B1E91DEB300946339 /* Item.cpp in Sources */,
				8FADC01A1E91DEB300946339 /* Date.cpp in Sources */,
				8F7A483A1E9EB6C000E2B819 /* ms4tester.cpp in Sources */,
				8FADC01D1E91DEB300946339 /* Perishable.cpp in Sources */,
				8FADC01C1E91DEB300946339 /* NonPerishable.cpp in Sources */,
			);
			runOnlyForDeploymentPostprocessing = 0;
		};
/* End PBXSourcesBuildPhase section */

/* Begin XCBuildConfiguration section */
		8FADC00B1E91DE9000946339 /* Debug */ = {
			isa = XCBuildConfiguration;
			buildSettings = {
				ALWAYS_SEARCH_USER_PATHS = NO;
				CLANG_ANALYZER_NONNULL = YES;
				CLANG_CXX_LANGUAGE_STANDARD = "gnu++0x";
				CLANG_CXX_LIBRARY = "libc++";
				CLANG_ENABLE_MODULES = YES;
				CLANG_ENABLE_OBJC_ARC = YES;
				CLANG_WARN_BOOL_CONVERSION = YES;
				CLANG_WARN_CONSTANT_CONVERSION = YES;
				CLANG_WARN_DIRECT_OBJC_ISA_USAGE = YES_ERROR;
				CLANG_WARN_DOCUMENTATION_COMMENTS = YES;
				CLANG_WARN_EMPTY_BODY = YES;
				CLANG_WARN_ENUM_CONVERSION = YES;
				CLANG_WARN_INFINITE_RECURSION = YES;
				CLANG_WARN_INT_CONVERSION = YES;
				CLANG_WARN_OBJC_ROOT_CLASS = YES_ERROR;
				CLANG_WARN_SUSPICIOUS_MOVE = YES;
				CLANG_WARN_UNREACHABLE_CODE = YES;
				CLANG_WARN__DUPLICATE_METHOD_MATCH = YES;
				CODE_SIGN_IDENTITY = "-";
				COPY_PHASE_STRIP = NO;
				DEBUG_INFORMATION_FORMAT = dwarf;
				ENABLE_STRICT_OBJC_MSGSEND = YES;
				ENABLE_TESTABILITY = YES;
				GCC_C_LANGUAGE_STANDARD = gnu99;
				GCC_DYNAMIC_NO_PIC = NO;
				GCC_NO_COMMON_BLOCKS = YES;
				GCC_OPTIMIZATION_LEVEL = 0;
				GCC_PREPROCESSOR_DEFINITIONS = (
					"DEBUG=1",
					"$(inherited)",
				);
				GCC_WARN_64_TO_32_BIT_CONVERSION = YES;
				GCC_WARN_ABOUT_RETURN_TYPE = YES_ERROR;
				GCC_WARN_UNDECLARED_SELECTOR = YES;
				GCC_WARN_UNINITIALIZED_AUTOS = YES_AGGRESSIVE;
				GCC_WARN_UNUSED_FUNCTION = YES;
				GCC_WARN_UNUSED_VARIABLE = YES;
				MACOSX_DEPLOYMENT_TARGET = 10.12;
				MTL_ENABLE_DEBUG_INFO = YES;
				ONLY_ACTIVE_ARCH = YES;
				SDKROOT = macosx;
			};
			name = Debug;
		};
		8FADC00C1E91DE9000946339 /* Release */ = {
			isa = XCBuildConfiguration;
			buildSettings = {
				ALWAYS_SEARCH_USER_PATHS = NO;
				CLANG_ANALYZER_NONNULL = YES;
				CLANG_CXX_LANGUAGE_STANDARD = "gnu++0x";
				CLANG_CXX_LIBRARY = "libc++";
				CLANG_ENABLE_MODULES = YES;
				CLANG_ENABLE_OBJC_ARC = YES;
				CLANG_WARN_BOOL_CONVERSION = YES;
				CLANG_WARN_CONSTANT_CONVERSION = YES;
				CLANG_WARN_DIRECT_OBJC_ISA_USAGE = YES_ERROR;
				CLANG_WARN_DOCUMENTATION_COMMENTS = YES;
				CLANG_WARN_EMPTY_BODY = YES;
				CLANG_WARN_ENUM_CONVERSION = YES;
				CLANG_WARN_INFINITE_RECURSION = YES;
				CLANG_WARN_INT_CONVERSION = YES;
				CLANG_WARN_OBJC_ROOT_CLASS = YES_ERROR;
				CLANG_WARN_SUSPICIOUS_MOVE = YES;
				CLANG_WARN_UNREACHABLE_CODE = YES;
				CLANG_WARN__DUPLICATE_METHOD_MATCH = YES;
				CODE_SIGN_IDENTITY = "-";
				COPY_PHASE_STRIP = NO;
				DEBUG_INFORMATION_FORMAT = "dwarf-with-dsym";
				ENABLE_NS_ASSERTIONS = NO;
				ENABLE_STRICT_OBJC_MSGSEND = YES;
				GCC_C_LANGUAGE_STANDARD = gnu99;
				GCC_NO_COMMON_BLOCKS = YES;
				GCC_WARN_64_TO_32_BIT_CONVERSION = YES;
				GCC_WARN_ABOUT_RETURN_TYPE = YES_ERROR;
				GCC_WARN_UNDECLARED_SELECTOR = YES;
				GCC_WARN_UNINITIALIZED_AUTOS = YES_AGGRESSIVE;
				GCC_WARN_UNUSED_FUNCTION = YES;
				GCC_WARN_UNUSED_VARIABLE = YES;
				MACOSX_DEPLOYMENT_TARGET = 10.12;
				MTL_ENABLE_DEBUG_INFO = NO;
				SDKROOT = macosx;
			};
			name = Release;
		};
		8FADC00E1E91DE9000946339 /* Debug */ = {
			isa = XCBuildConfiguration;
			buildSettings = {
				PRODUCT_NAME = "$(TARGET_NAME)";
			};
			name = Debug;
		};
		8FADC00F1E91DE9000946339 /* Release */ = {
			isa = XCBuildConfiguration;
			buildSettings = {
				PRODUCT_NAME = "$(TARGET_NAME)";
			};
			name = Release;
		};
/* End XCBuildConfiguration section */

/* Begin XCConfigurationList section */
		8FADC0011E91DE8E00946339 /* Build configuration list for PBXProject "mile4" */ = {
			isa = XCConfigurationList;
			buildConfigurations = (
				8FADC00B1E91DE9000946339 /* Debug */,
				8FADC00C1E91DE9000946339 /* Release */,
			);
			defaultConfigurationIsVisible = 0;
			defaultConfigurationName = Release;
		};
		8FADC00D1E91DE9000946339 /* Build configuration list for PBXNativeTarget "mile4" */ = {
			isa = XCConfigurationList;
			buildConfigurations = (
				8FADC00E1E91DE9000946339 /* Debug */,
				8FADC00F1E91DE9000946339 /* Release */,
			);
			defaultConfigurationIsVisible = 0;
			defaultConfigurationName = Release;
		};
/* End XCConfigurationList section */
	};
	rootObject = 8FADBFFE1E91DE8E00946339 /* Project object */;
}
